
Microsoft Visual Studio Solution File, Format Version 12.00
# Visual Studio Version 16
VisualStudioVersion = 16.0.31424.327
MinimumVisualStudioVersion = 10.0.40219.1
Project("{9A19103F-16F7-4668-BE54-9A1E7A4F7556}") = "WebApplication", "WebApplication.csproj", "{F3BAEC6B-6D8F-4DA1-AFA8-0B77829A4517}"
EndProject
Project("{9A19103F-16F7-4668-BE54-9A1E7A4F7556}") = "WebApplication.BLL", "..\WebApplication.BLL\WebApplication.BLL.csproj", "{82F94B61-5083-4B63-AACB-F88BA8E3D5B4}"
EndProject
Project("{9A19103F-16F7-4668-BE54-9A1E7A4F7556}") = "WebApplication.DAL", "..\WebApplication.DAL\WebApplication.DAL.csproj", "{F18E2BC7-D639-43B8-80FB-4096192F3027}"
EndProject
Global
	GlobalSection(SolutionConfigurationPlatforms) = preSolution
		Debug|Any CPU = Debug|Any CPU
		Release|Any CPU = Release|Any CPU
	EndGlobalSection
	GlobalSection(ProjectConfigurationPlatforms) = postSolution
		{F3BAEC6B-6D8F-4DA1-AFA8-0B77829A4517}.Debug|Any CPU.ActiveCfg = Debug|Any CPU
		{F3BAEC6B-6D8F-4DA1-AFA8-0B77829A4517}.Debug|Any CPU.Build.0 = Debug|Any CPU
		{F3BAEC6B-6D8F-4DA1-AFA8-0B77829A4517}.Release|Any CPU.ActiveCfg = Release|Any CPU
		{F3BAEC6B-6D8F-4DA1-AFA8-0B77829A4517}.Release|Any CPU.Build.0 = Release|Any CPU
		{82F94B61-5083-4B63-AACB-F88BA8E3D5B4}.Debug|Any CPU.ActiveCfg = Debug|Any CPU
		{82F94B61-5083-4B63-AACB-F88BA8E3D5B4}.Debug|Any CPU.Build.0 = Debug|Any CPU
		{82F94B61-5083-4B63-AACB-F88BA8E3D5B4}.Release|Any CPU.ActiveCfg = Release|Any CPU
		{82F94B61-5083-4B63-AACB-F88BA8E3D5B4}.Release|Any CPU.Build.0 = Release|Any CPU
		{F18E2BC7-D639-43B8-80FB-4096192F3027}.Debug|Any CPU.ActiveCfg = Debug|Any CPU
		{F18E2BC7-D639-43B8-80FB-4096192F3027}.Debug|Any CPU.Build.0 = Debug|Any CPU
		{F18E2BC7-D639-43B8-80FB-4096192F3027}.Release|Any CPU.ActiveCfg = Release|Any CPU
		{F18E2BC7-D639-43B8-80FB-4096192F3027}.Release|Any CPU.Build.0 = Release|Any CPU
	EndGlobalSection
	GlobalSection(SolutionProperties) = preSolution
		HideSolutionNode = FALSE
	EndGlobalSection
	GlobalSection(ExtensibilityGlobals) = postSolution
		SolutionGuid = {D2690EAD-92B3-4138-972C-B5260D1CBFC7}
	EndGlobalSection
EndGlobal
